
Microsoft Visual Studio Solution File, Format Version 12.00
# Visual Studio Version 16
VisualStudioVersion = 16.0.30320.27
MinimumVisualStudioVersion = 10.0.40219.1
Project("{FAE04EC0-301F-11D3-BF4B-00C04F79EFBC}") = "ch01_1_1", "ch01_1_1\ch01_1_1.csproj", "{4C29B459-55B5-453A-BEA8-F7B95685F1F0}"
EndProject
Project("{FAE04EC0-301F-11D3-BF4B-00C04F79EFBC}") = "ch01_1_2", "ch01_1_2\ch01_1_2.csproj", "{3B07867B-438C-4715-A755-7D0861138EB1}"
EndProject
Project("{FAE04EC0-301F-11D3-BF4B-00C04F79EFBC}") = "ch01_2_1", "ch01_2_1\ch01_2_1.csproj", "{3565F422-68A5-4F71-AABA-B874AAC8987F}"
EndProject
Project("{FAE04EC0-301F-11D3-BF4B-00C04F79EFBC}") = "ch01_2_2", "ch01_2_2\ch01_2_2.csproj", "{8F51D7D9-59D2-452A-A6AC-C84D823170C5}"
EndProject
Project("{FAE04EC0-301F-11D3-BF4B-00C04F79EFBC}") = "ch01_2_3", "ch01_2_3\ch01_2_3.csproj", "{C4456068-4EFE-43FC-97E0-6538D1A2507F}"
EndProject
Project("{FAE04EC0-301F-11D3-BF4B-00C04F79EFBC}") = "ch01_2_4", "ch01_2_4\ch01_2_4.csproj", "{91F5D977-9687-4FFD-A43D-A53F1256BE55}"
EndProject
Global
	GlobalSection(SolutionConfigurationPlatforms) = preSolution
		Debug|Any CPU = Debug|Any CPU
		Release|Any CPU = Release|Any CPU
	EndGlobalSection
	GlobalSection(ProjectConfigurationPlatforms) = postSolution
		{4C29B459-55B5-453A-BEA8-F7B95685F1F0}.Debug|Any CPU.ActiveCfg = Debug|Any CPU
		{4C29B459-55B5-453A-BEA8-F7B95685F1F0}.Debug|Any CPU.Build.0 = Debug|Any CPU
		{4C29B459-55B5-453A-BEA8-F7B95685F1F0}.Release|Any CPU.ActiveCfg = Release|Any CPU
		{4C29B459-55B5-453A-BEA8-F7B95685F1F0}.Release|Any CPU.Build.0 = Release|Any CPU
		{3B07867B-438C-4715-A755-7D0861138EB1}.Debug|Any CPU.ActiveCfg = Debug|Any CPU
		{3B07867B-438C-4715-A755-7D0861138EB1}.Debug|Any CPU.Build.0 = Debug|Any CPU
		{3B07867B-438C-4715-A755-7D0861138EB1}.Release|Any CPU.ActiveCfg = Release|Any CPU
		{3B07867B-438C-4715-A755-7D0861138EB1}.Release|Any CPU.Build.0 = Release|Any CPU
		{3565F422-68A5-4F71-AABA-B874AAC8987F}.Debug|Any CPU.ActiveCfg = Debug|Any CPU
		{3565F422-68A5-4F71-AABA-B874AAC8987F}.Debug|Any CPU.Build.0 = Debug|Any CPU
		{3565F422-68A5-4F71-AABA-B874AAC8987F}.Release|Any CPU.ActiveCfg = Release|Any CPU
		{3565F422-68A5-4F71-AABA-B874AAC8987F}.Release|Any CPU.Build.0 = Release|Any CPU
		{8F51D7D9-59D2-452A-A6AC-C84D823170C5}.Debug|Any CPU.ActiveCfg = Debug|Any CPU
		{8F51D7D9-59D2-452A-A6AC-C84D823170C5}.Debug|Any CPU.Build.0 = Debug|Any CPU
		{8F51D7D9-59D2-452A-A6AC-C84D823170C5}.Release|Any CPU.ActiveCfg = Release|Any CPU
		{8F51D7D9-59D2-452A-A6AC-C84D823170C5}.Release|Any CPU.Build.0 = Release|Any CPU
		{C4456068-4EFE-43FC-97E0-6538D1A2507F}.Debug|Any CPU.ActiveCfg = Debug|Any CPU
		{C4456068-4EFE-43FC-97E0-6538D1A2507F}.Debug|Any CPU.Build.0 = Debug|Any CPU
		{C4456068-4EFE-43FC-97E0-6538D1A2507F}.Release|Any CPU.ActiveCfg = Release|Any CPU
		{C4456068-4EFE-43FC-97E0-6538D1A2507F}.Release|Any CPU.Build.0 = Release|Any CPU
		{91F5D977-9687-4FFD-A43D-A53F1256BE55}.Debug|Any CPU.ActiveCfg = Debug|Any CPU
		{91F5D977-9687-4FFD-A43D-A53F1256BE55}.Debug|Any CPU.Build.0 = Debug|Any CPU
		{91F5D977-9687-4FFD-A43D-A53F1256BE55}.Release|Any CPU.ActiveCfg = Release|Any CPU
		{91F5D977-9687-4FFD-A43D-A53F1256BE55}.Release|Any CPU.Build.0 = Release|Any CPU
	EndGlobalSection
	GlobalSection(SolutionProperties) = preSolution
		HideSolutionNode = FALSE
	EndGlobalSection
	GlobalSection(ExtensibilityGlobals) = postSolution
		SolutionGuid = {F09F7807-9DAB-4F6D-A44D-DCEA9F2E55C8}
	EndGlobalSection
EndGlobal
