
Microsoft Visual Studio Solution File, Format Version 12.00
# Visual Studio Version 16
VisualStudioVersion = 16.0.30320.27
MinimumVisualStudioVersion = 10.0.40219.1
Project("{FAE04EC0-301F-11D3-BF4B-00C04F79EFBC}") = "ch03", "ch03\ch03.csproj", "{987BEADF-53B1-42D7-8D50-101D87DDA9DD}"
EndProject
Project("{FAE04EC0-301F-11D3-BF4B-00C04F79EFBC}") = "ch03Tests", "ch03Tests\ch03Tests.csproj", "{7769F12A-050C-4924-99C1-DE16922ABD05}"
EndProject
Global
	GlobalSection(SolutionConfigurationPlatforms) = preSolution
		Debug|Any CPU = Debug|Any CPU
		Release|Any CPU = Release|Any CPU
	EndGlobalSection
	GlobalSection(ProjectConfigurationPlatforms) = postSolution
		{987BEADF-53B1-42D7-8D50-101D87DDA9DD}.Debug|Any CPU.ActiveCfg = Debug|Any CPU
		{987BEADF-53B1-42D7-8D50-101D87DDA9DD}.Debug|Any CPU.Build.0 = Debug|Any CPU
		{987BEADF-53B1-42D7-8D50-101D87DDA9DD}.Release|Any CPU.ActiveCfg = Release|Any CPU
		{987BEADF-53B1-42D7-8D50-101D87DDA9DD}.Release|Any CPU.Build.0 = Release|Any CPU
		{7769F12A-050C-4924-99C1-DE16922ABD05}.Debug|Any CPU.ActiveCfg = Debug|Any CPU
		{7769F12A-050C-4924-99C1-DE16922ABD05}.Debug|Any CPU.Build.0 = Debug|Any CPU
		{7769F12A-050C-4924-99C1-DE16922ABD05}.Release|Any CPU.ActiveCfg = Release|Any CPU
		{7769F12A-050C-4924-99C1-DE16922ABD05}.Release|Any CPU.Build.0 = Release|Any CPU
	EndGlobalSection
	GlobalSection(SolutionProperties) = preSolution
		HideSolutionNode = FALSE
	EndGlobalSection
	GlobalSection(ExtensibilityGlobals) = postSolution
		SolutionGuid = {88A0EEAD-1BBE-4F0F-B6B9-F9F5D2FA0632}
	EndGlobalSection
EndGlobal
